// !$*UTF8*$!
{
	archiveVersion = 1;
	classes = {
	};
	objectVersion = 46;
	objects = {

/* Begin PBXBuildFile section */
		99482ADD1F387B46003FD3E9 /* VideoOverlayViewController.m in Sources */ = {isa = PBXBuildFile; fileRef = 99482ADC1F387B46003FD3E9 /* VideoOverlayViewController.m */; };
		99F925691F3474E60052F871 /* main.m in Sources */ = {isa = PBXBuildFile; fileRef = 99F925681F3474E60052F871 /* main.m */; };
		99F9256C1F3474E60052F871 /* AppDelegate.m in Sources */ = {isa = PBXBuildFile; fileRef = 99F9256B1F3474E60052F871 /* AppDelegate.m */; };
		99F9256F1F3474E60052F871 /* MainViewController.m in Sources */ = {isa = PBXBuildFile; fileRef = 99F9256E1F3474E60052F871 /* MainViewController.m */; };
		99F925721F3474E60052F871 /* Main.storyboard in Resources */ = {isa = PBXBuildFile; fileRef = 99F925701F3474E60052F871 /* Main.storyboard */; };
		99F925751F3474E60052F871 /* SimpleBarcodeScanner.xcdatamodeld in Sources */ = {isa = PBXBuildFile; fileRef = 99F925731F3474E60052F871 /* SimpleBarcodeScanner.xcdatamodeld */; };
		99F925771F3474E60052F871 /* Assets.xcassets in Resources */ = {isa = PBXBuildFile; fileRef = 99F925761F3474E60052F871 /* Assets.xcassets */; };
		99F9257A1F3474E60052F871 /* LaunchScreen.storyboard in Resources */ = {isa = PBXBuildFile; fileRef = 99F925781F3474E60052F871 /* LaunchScreen.storyboard */; };
		99F925851F3474E60052F871 /* SimpleBarcodeScannerTests.m in Sources */ = {isa = PBXBuildFile; fileRef = 99F925841F3474E60052F871 /* SimpleBarcodeScannerTests.m */; };
		99F925901F3474E70052F871 /* SimpleBarcodeScannerUITests.m in Sources */ = {isa = PBXBuildFile; fileRef = 99F9258F1F3474E70052F871 /* SimpleBarcodeScannerUITests.m */; };
/* End PBXBuildFile section */

/* Begin PBXContainerItemProxy section */
		99F925811F3474E60052F871 /* PBXContainerItemProxy */ = {
			isa = PBXContainerItemProxy;
			containerPortal = 99F9255C1F3474E60052F871 /* Project object */;
			proxyType = 1;
			remoteGlobalIDString = 99F925631F3474E60052F871;
			remoteInfo = SimpleBarcodeScanner;
		};
		99F9258C1F3474E70052F871 /* PBXContainerItemProxy */ = {
			isa = PBXContainerItemProxy;
			containerPortal = 99F9255C1F3474E60052F871 /* Project object */;
			proxyType = 1;
			remoteGlobalIDString = 99F925631F3474E60052F871;
			remoteInfo = SimpleBarcodeScanner;
		};
/* End PBXContainerItemProxy section */

/* Begin PBXFileReference section */
		99482ADB1F387B46003FD3E9 /* VideoOverlayViewController.h */ = {isa = PBXFileReference; fileEncoding = 4; lastKnownFileType = sourcecode.c.h; path = VideoOverlayViewController.h; sourceTree = "<group>"; };
		99482ADC1F387B46003FD3E9 /* VideoOverlayViewController.m */ = {isa = PBXFileReference; fileEncoding = 4; lastKnownFileType = sourcecode.c.objc; path = VideoOverlayViewController.m; sourceTree = "<group>"; };
		99F925641F3474E60052F871 /* SimpleBarcodeScanner.app */ = {isa = PBXFileReference; explicitFileType = wrapper.application; includeInIndex = 0; path = SimpleBarcodeScanner.app; sourceTree = BUILT_PRODUCTS_DIR; };
		99F925681F3474E60052F871 /* main.m */ = {isa = PBXFileReference; lastKnownFileType = sourcecode.c.objc; path = main.m; sourceTree = "<group>"; };
		99F9256A1F3474E60052F871 /* AppDelegate.h */ = {isa = PBXFileReference; lastKnownFileType = sourcecode.c.h; path = AppDelegate.h; sourceTree = "<group>"; };
		99F9256B1F3474E60052F871 /* AppDelegate.m */ = {isa = PBXFileReference; lastKnownFileType = sourcecode.c.objc; path = AppDelegate.m; sourceTree = "<group>"; };
		99F9256D1F3474E60052F871 /* MainViewController.h */ = {isa = PBXFileReference; lastKnownFileType = sourcecode.c.h; path = MainViewController.h; sourceTree = "<group>"; };
		99F9256E1F3474E60052F871 /* MainViewController.m */ = {isa = PBXFileReference; lastKnownFileType = sourcecode.c.objc; path = MainViewController.m; sourceTree = "<group>"; };
		99F925711F3474E60052F871 /* Base */ = {isa = PBXFileReference; lastKnownFileType = file.storyboard; name = Base; path = Base.lproj/Main.storyboard; sourceTree = "<group>"; };
		99F925741F3474E60052F871 /* SimpleBarcodeScanner.xcdatamodel */ = {isa = PBXFileReference; lastKnownFileType = wrapper.xcdatamodel; path = SimpleBarcodeScanner.xcdatamodel; sourceTree = "<group>"; };
		99F925761F3474E60052F871 /* Assets.xcassets */ = {isa = PBXFileReference; lastKnownFileType = folder.assetcatalog; path = Assets.xcassets; sourceTree = "<group>"; };
		99F925791F3474E60052F871 /* Base */ = {isa = PBXFileReference; lastKnownFileType = file.storyboard; name = Base; path = Base.lproj/LaunchScreen.storyboard; sourceTree = "<group>"; };
		99F9257B1F3474E60052F871 /* Info.plist */ = {isa = PBXFileReference; lastKnownFileType = text.plist.xml; path = Info.plist; sourceTree = "<group>"; };
		99F925801F3474E60052F871 /* SimpleBarcodeScannerTests.xctest */ = {isa = PBXFileReference; explicitFileType = wrapper.cfbundle; includeInIndex = 0; path = SimpleBarcodeScannerTests.xctest; sourceTree = BUILT_PRODUCTS_DIR; };
		99F925841F3474E60052F871 /* SimpleBarcodeScannerTests.m */ = {isa = PBXFileReference; lastKnownFileType = sourcecode.c.objc; path = SimpleBarcodeScannerTests.m; sourceTree = "<group>"; };
		99F925861F3474E60052F871 /* Info.plist */ = {isa = PBXFileReference; lastKnownFileType = text.plist.xml; path = Info.plist; sourceTree = "<group>"; };
		99F9258B1F3474E70052F871 /* SimpleBarcodeScannerUITests.xctest */ = {isa = PBXFileReference; explicitFileType = wrapper.cfbundle; includeInIndex = 0; path = SimpleBarcodeScannerUITests.xctest; sourceTree = BUILT_PRODUCTS_DIR; };
		99F9258F1F3474E70052F871 /* SimpleBarcodeScannerUITests.m */ = {isa = PBXFileReference; lastKnownFileType = sourcecode.c.objc; path = SimpleBarcodeScannerUITests.m; sourceTree = "<group>"; };
		99F925911F3474E70052F871 /* Info.plist */ = {isa = PBXFileReference; lastKnownFileType = text.plist.xml; path = Info.plist; sourceTree = "<group>"; };
/* End PBXFileReference section */

/* Begin PBXFrameworksBuildPhase section */
		99F925611F3474E60052F871 /* Frameworks */ = {
			isa = PBXFrameworksBuildPhase;
			buildActionMask = 2147483647;
			files = (
			);
			runOnlyForDeploymentPostprocessing = 0;
		};
		99F9257D1F3474E60052F871 /* Frameworks */ = {
			isa = PBXFrameworksBuildPhase;
			buildActionMask = 2147483647;
			files = (
			);
			runOnlyForDeploymentPostprocessing = 0;
		};
		99F925881F3474E70052F871 /* Frameworks */ = {
			isa = PBXFrameworksBuildPhase;
			buildActionMask = 2147483647;
			files = (
			);
			runOnlyForDeploymentPostprocessing = 0;
		};
/* End PBXFrameworksBuildPhase section */

/* Begin PBXGroup section */
		99F9255B1F3474E60052F871 = {
			isa = PBXGroup;
			children = (
				99F925661F3474E60052F871 /* SimpleBarcodeScanner */,
				99F925831F3474E60052F871 /* SimpleBarcodeScannerTests */,
				99F9258E1F3474E70052F871 /* SimpleBarcodeScannerUITests */,
				99F925651F3474E60052F871 /* Products */,
			);
			sourceTree = "<group>";
		};
		99F925651F3474E60052F871 /* Products */ = {
			isa = PBXGroup;
			children = (
				99F925641F3474E60052F871 /* SimpleBarcodeScanner.app */,
				99F925801F3474E60052F871 /* SimpleBarcodeScannerTests.xctest */,
				99F9258B1F3474E70052F871 /* SimpleBarcodeScannerUITests.xctest */,
			);
			name = Products;
			sourceTree = "<group>";
		};
		99F925661F3474E60052F871 /* SimpleBarcodeScanner */ = {
			isa = PBXGroup;
			children = (
				99F9256A1F3474E60052F871 /* AppDelegate.h */,
				99F9256B1F3474E60052F871 /* AppDelegate.m */,
				99F9256D1F3474E60052F871 /* MainViewController.h */,
				99F9256E1F3474E60052F871 /* MainViewController.m */,
				99482ADB1F387B46003FD3E9 /* VideoOverlayViewController.h */,
				99482ADC1F387B46003FD3E9 /* VideoOverlayViewController.m */,
				99F925701F3474E60052F871 /* Main.storyboard */,
				99F925761F3474E60052F871 /* Assets.xcassets */,
				99F925781F3474E60052F871 /* LaunchScreen.storyboard */,
				99F9257B1F3474E60052F871 /* Info.plist */,
				99F925731F3474E60052F871 /* SimpleBarcodeScanner.xcdatamodeld */,
				99F925671F3474E60052F871 /* Supporting Files */,
			);
			path = SimpleBarcodeScanner;
			sourceTree = "<group>";
		};
		99F925671F3474E60052F871 /* Supporting Files */ = {
			isa = PBXGroup;
			children = (
				99F925681F3474E60052F871 /* main.m */,
			);
			name = "Supporting Files";
			sourceTree = "<group>";
		};
		99F925831F3474E60052F871 /* SimpleBarcodeScannerTests */ = {
			isa = PBXGroup;
			children = (
				99F925841F3474E60052F871 /* SimpleBarcodeScannerTests.m */,
				99F925861F3474E60052F871 /* Info.plist */,
			);
			path = SimpleBarcodeScannerTests;
			sourceTree = "<group>";
		};
		99F9258E1F3474E70052F871 /* SimpleBarcodeScannerUITests */ = {
			isa = PBXGroup;
			children = (
				99F9258F1F3474E70052F871 /* SimpleBarcodeScannerUITests.m */,
				99F925911F3474E70052F871 /* Info.plist */,
			);
			path = SimpleBarcodeScannerUITests;
			sourceTree = "<group>";
		};
/* End PBXGroup section */

/* Begin PBXNativeTarget section */
		99F925631F3474E60052F871 /* SimpleBarcodeScanner */ = {
			isa = PBXNativeTarget;
			buildConfigurationList = 99F925941F3474E70052F871 /* Build configuration list for PBXNativeTarget "SimpleBarcodeScanner" */;
			buildPhases = (
				99F925601F3474E60052F871 /* Sources */,
				99F925611F3474E60052F871 /* Frameworks */,
				99F925621F3474E60052F871 /* Resources */,
			);
			buildRules = (
			);
			dependencies = (
			);
			name = SimpleBarcodeScanner;
			productName = SimpleBarcodeScanner;
			productReference = 99F925641F3474E60052F871 /* SimpleBarcodeScanner.app */;
			productType = "com.apple.product-type.application";
		};
		99F9257F1F3474E60052F871 /* SimpleBarcodeScannerTests */ = {
			isa = PBXNativeTarget;
			buildConfigurationList = 99F925971F3474E70052F871 /* Build configuration list for PBXNativeTarget "SimpleBarcodeScannerTests" */;
			buildPhases = (
				99F9257C1F3474E60052F871 /* Sources */,
				99F9257D1F3474E60052F871 /* Frameworks */,
				99F9257E1F3474E60052F871 /* Resources */,
			);
			buildRules = (
			);
			dependencies = (
				99F925821F3474E60052F871 /* PBXTargetDependency */,
			);
			name = SimpleBarcodeScannerTests;
			productName = SimpleBarcodeScannerTests;
			productReference = 99F925801F3474E60052F871 /* SimpleBarcodeScannerTests.xctest */;
			productType = "com.apple.product-type.bundle.unit-test";
		};
		99F9258A1F3474E70052F871 /* SimpleBarcodeScannerUITests */ = {
			isa = PBXNativeTarget;
			buildConfigurationList = 99F9259A1F3474E70052F871 /* Build configuration list for PBXNativeTarget "SimpleBarcodeScannerUITests" */;
			buildPhases = (
				99F925871F3474E70052F871 /* Sources */,
				99F925881F3474E70052F871 /* Frameworks */,
				99F925891F3474E70052F871 /* Resources */,
			);
			buildRules = (
			);
			dependencies = (
				99F9258D1F3474E70052F871 /* PBXTargetDependency */,
			);
			name = SimpleBarcodeScannerUITests;
			productName = SimpleBarcodeScannerUITests;
			productReference = 99F9258B1F3474E70052F871 /* SimpleBarcodeScannerUITests.xctest */;
			productType = "com.apple.product-type.bundle.ui-testing";
		};
/* End PBXNativeTarget section */

/* Begin PBXProject section */
		99F9255C1F3474E60052F871 /* Project object */ = {
			isa = PBXProject;
			attributes = {
				LastUpgradeCheck = 0830;
				ORGANIZATIONNAME = FlinkleLabs;
				TargetAttributes = {
					99F925631F3474E60052F871 = {
						CreatedOnToolsVersion = 8.3.3;
						DevelopmentTeam = PMGKW98MEW;
						ProvisioningStyle = Automatic;
					};
					99F9257F1F3474E60052F871 = {
						CreatedOnToolsVersion = 8.3.3;
						ProvisioningStyle = Automatic;
						TestTargetID = 99F925631F3474E60052F871;
					};
					99F9258A1F3474E70052F871 = {
						CreatedOnToolsVersion = 8.3.3;
						ProvisioningStyle = Automatic;
						TestTargetID = 99F925631F3474E60052F871;
					};
				};
			};
			buildConfigurationList = 99F9255F1F3474E60052F871 /* Build configuration list for PBXProject "SimpleBarcodeScanner" */;
			compatibilityVersion = "Xcode 3.2";
			developmentRegion = English;
			hasScannedForEncodings = 0;
			knownRegions = (
				en,
				Base,
			);
			mainGroup = 99F9255B1F3474E60052F871;
			productRefGroup = 99F925651F3474E60052F871 /* Products */;
			projectDirPath = "";
			projectRoot = "";
			targets = (
				99F925631F3474E60052F871 /* SimpleBarcodeScanner */,
				99F9257F1F3474E60052F871 /* SimpleBarcodeScannerTests */,
				99F9258A1F3474E70052F871 /* SimpleBarcodeScannerUITests */,
			);
		};
/* End PBXProject section */

/* Begin PBXResourcesBuildPhase section */
		99F925621F3474E60052F871 /* Resources */ = {
			isa = PBXResourcesBuildPhase;
			buildActionMask = 2147483647;
			files = (
				99F9257A1F3474E60052F871 /* LaunchScreen.storyboard in Resources */,
				99F925771F3474E60052F871 /* Assets.xcassets in Resources */,
				99F925721F3474E60052F871 /* Main.storyboard in Resources */,
			);
			runOnlyForDeploymentPostprocessing = 0;
		};
		99F9257E1F3474E60052F871 /* Resources */ = {
			isa = PBXResourcesBuildPhase;
			buildActionMask = 2147483647;
			files = (
			);
			runOnlyForDeploymentPostprocessing = 0;
		};
		99F925891F3474E70052F871 /* Resources */ = {
			isa = PBXResourcesBuildPhase;
			buildActionMask = 2147483647;
			files = (
			);
			runOnlyForDeploymentPostprocessing = 0;
		};
/* End PBXResourcesBuildPhase section */

/* Begin PBXSourcesBuildPhase section */
		99F925601F3474E60052F871 /* Sources */ = {
			isa = PBXSourcesBuildPhase;
			buildActionMask = 2147483647;
			files = (
				99F9256F1F3474E60052F871 /* MainViewController.m in Sources */,
				99F9256C1F3474E60052F871 /* AppDelegate.m in Sources */,
				99F925691F3474E60052F871 /* main.m in Sources */,
				99482ADD1F387B46003FD3E9 /* VideoOverlayViewController.m in Sources */,
				99F925751F3474E60052F871 /* SimpleBarcodeScanner.xcdatamodeld in Sources */,
			);
			runOnlyForDeploymentPostprocessing = 0;
		};
		99F9257C1F3474E60052F871 /* Sources */ = {
			isa = PBXSourcesBuildPhase;
			buildActionMask = 2147483647;
			files = (
				99F925851F3474E60052F871 /* SimpleBarcodeScannerTests.m in Sources */,
			);
			runOnlyForDeploymentPostprocessing = 0;
		};
		99F925871F3474E70052F871 /* Sources */ = {
			isa = PBXSourcesBuildPhase;
			buildActionMask = 2147483647;
			files = (
				99F925901F3474E70052F871 /* SimpleBarcodeScannerUITests.m in Sources */,
			);
			runOnlyForDeploymentPostprocessing = 0;
		};
/* End PBXSourcesBuildPhase section */

/* Begin PBXTargetDependency section */
		99F925821F3474E60052F871 /* PBXTargetDependency */ = {
			isa = PBXTargetDependency;
			target = 99F925631F3474E60052F871 /* SimpleBarcodeScanner */;
			targetProxy = 99F925811F3474E60052F871 /* PBXContainerItemProxy */;
		};
		99F9258D1F3474E70052F871 /* PBXTargetDependency */ = {
			isa = PBXTargetDependency;
			target = 99F925631F3474E60052F871 /* SimpleBarcodeScanner */;
			targetProxy = 99F9258C1F3474E70052F871 /* PBXContainerItemProxy */;
		};
/* End PBXTargetDependency section */

/* Begin PBXVariantGroup section */
		99F925701F3474E60052F871 /* Main.storyboard */ = {
			isa = PBXVariantGroup;
			children = (
				99F925711F3474E60052F871 /* Base */,
			);
			name = Main.storyboard;
			sourceTree = "<group>";
		};
		99F925781F3474E60052F871 /* LaunchScreen.storyboard */ = {
			isa = PBXVariantGroup;
			children = (
				99F925791F3474E60052F871 /* Base */,
			);
			name = LaunchScreen.storyboard;
			sourceTree = "<group>";
		};
/* End PBXVariantGroup section */

/* Begin XCBuildConfiguration section */
		99F925921F3474E70052F871 /* Debug */ = {
			isa = XCBuildConfiguration;
			buildSettings = {
				ALWAYS_SEARCH_USER_PATHS = NO;
				CLANG_ANALYZER_NONNULL = YES;
				CLANG_ANALYZER_NUMBER_OBJECT_CONVERSION = YES_AGGRESSIVE;
				CLANG_CXX_LANGUAGE_STANDARD = "gnu++0x";
				CLANG_CXX_LIBRARY = "libc++";
				CLANG_ENABLE_MODULES = YES;
				CLANG_ENABLE_OBJC_ARC = YES;
				CLANG_WARN_BOOL_CONVERSION = YES;
				CLANG_WARN_CONSTANT_CONVERSION = YES;
				CLANG_WARN_DIRECT_OBJC_ISA_USAGE = YES_ERROR;
				CLANG_WARN_DOCUMENTATION_COMMENTS = YES;
				CLANG_WARN_EMPTY_BODY = YES;
				CLANG_WARN_ENUM_CONVERSION = YES;
				CLANG_WARN_INFINITE_RECURSION = YES;
				CLANG_WARN_INT_CONVERSION = YES;
				CLANG_WARN_OBJC_ROOT_CLASS = YES_ERROR;
				CLANG_WARN_SUSPICIOUS_MOVE = YES;
				CLANG_WARN_UNREACHABLE_CODE = YES;
				CLANG_WARN__DUPLICATE_METHOD_MATCH = YES;
				"CODE_SIGN_IDENTITY[sdk=iphoneos*]" = "iPhone Developer";
				COPY_PHASE_STRIP = NO;
				DEBUG_INFORMATION_FORMAT = dwarf;
				ENABLE_STRICT_OBJC_MSGSEND = YES;
				ENABLE_TESTABILITY = YES;
				GCC_C_LANGUAGE_STANDARD = gnu99;
				GCC_DYNAMIC_NO_PIC = NO;
				GCC_NO_COMMON_BLOCKS = YES;
				GCC_OPTIMIZATION_LEVEL = 0;
				GCC_PREPROCESSOR_DEFINITIONS = (
					"DEBUG=1",
					"$(inherited)",
				);
				GCC_WARN_64_TO_32_BIT_CONVERSION = YES;
				GCC_WARN_ABOUT_RETURN_TYPE = YES_ERROR;
				GCC_WARN_UNDECLARED_SELECTOR = YES;
				GCC_WARN_UNINITIALIZED_AUTOS = YES_AGGRESSIVE;
				GCC_WARN_UNUSED_FUNCTION = YES;
				GCC_WARN_UNUSED_VARIABLE = YES;
				IPHONEOS_DEPLOYMENT_TARGET = 10.3;
				MTL_ENABLE_DEBUG_INFO = YES;
				ONLY_ACTIVE_ARCH = YES;
				SDKROOT = iphoneos;
				TARGETED_DEVICE_FAMILY = "1,2";
			};
			name = Debug;
		};
		99F925931F3474E70052F871 /* Release */ = {
			isa = XCBuildConfiguration;
			buildSettings = {
				ALWAYS_SEARCH_USER_PATHS = NO;
				CLANG_ANALYZER_NONNULL = YES;
				CLANG_ANALYZER_NUMBER_OBJECT_CONVERSION = YES_AGGRESSIVE;
				CLANG_CXX_LANGUAGE_STANDARD = "gnu++0x";
				CLANG_CXX_LIBRARY = "libc++";
				CLANG_ENABLE_MODULES = YES;
				CLANG_ENABLE_OBJC_ARC = YES;
				CLANG_WARN_BOOL_CONVERSION = YES;
				CLANG_WARN_CONSTANT_CONVERSION = YES;
				CLANG_WARN_DIRECT_OBJC_ISA_USAGE = YES_ERROR;
				CLANG_WARN_DOCUMENTATION_COMMENTS = YES;
				CLANG_WARN_EMPTY_BODY = YES;
				CLANG_WARN_ENUM_CONVERSION = YES;
				CLANG_WARN_INFINITE_RECURSION = YES;
				CLANG_WARN_INT_CONVERSION = YES;
				CLANG_WARN_OBJC_ROOT_CLASS = YES_ERROR;
				CLANG_WARN_SUSPICIOUS_MOVE = YES;
				CLANG_WARN_UNREACHABLE_CODE = YES;
				CLANG_WARN__DUPLICATE_METHOD_MATCH = YES;
				"CODE_SIGN_IDENTITY[sdk=iphoneos*]" = "iPhone Developer";
				COPY_PHASE_STRIP = NO;
				DEBUG_INFORMATION_FORMAT = "dwarf-with-dsym";
				ENABLE_NS_ASSERTIONS = NO;
				ENABLE_STRICT_OBJC_MSGSEND = YES;
				GCC_C_LANGUAGE_STANDARD = gnu99;
				GCC_NO_COMMON_BLOCKS = YES;
				GCC_WARN_64_TO_32_BIT_CONVERSION = YES;
				GCC_WARN_ABOUT_RETURN_TYPE = YES_ERROR;
				GCC_WARN_UNDECLARED_SELECTOR = YES;
				GCC_WARN_UNINITIALIZED_AUTOS = YES_AGGRESSIVE;
				GCC_WARN_UNUSED_FUNCTION = YES;
				GCC_WARN_UNUSED_VARIABLE = YES;
				IPHONEOS_DEPLOYMENT_TARGET = 10.3;
				MTL_ENABLE_DEBUG_INFO = NO;
				SDKROOT = iphoneos;
				TARGETED_DEVICE_FAMILY = "1,2";
				VALIDATE_PRODUCT = YES;
			};
			name = Release;
		};
		99F925951F3474E70052F871 /* Debug */ = {
			isa = XCBuildConfiguration;
			buildSettings = {
				ASSETCATALOG_COMPILER_APPICON_NAME = AppIcon;
				DEVELOPMENT_TEAM = PMGKW98MEW;
				INFOPLIST_FILE = SimpleBarcodeScanner/Info.plist;
				IPHONEOS_DEPLOYMENT_TARGET = 9.0;
				LD_RUNPATH_SEARCH_PATHS = "$(inherited) @executable_path/Frameworks";
				PRODUCT_BUNDLE_IDENTIFIER = com.FlinkleLabs.SimpleBarcodeScanner;
				PRODUCT_NAME = "$(TARGET_NAME)";
			};
			name = Debug;
		};
		99F925961F3474E70052F871 /* Release */ = {
			isa = XCBuildConfiguration;
			buildSettings = {
				ASSETCATALOG_COMPILER_APPICON_NAME = AppIcon;
				DEVELOPMENT_TEAM = PMGKW98MEW;
				INFOPLIST_FILE = SimpleBarcodeScanner/Info.plist;
				IPHONEOS_DEPLOYMENT_TARGET = 9.0;
				LD_RUNPATH_SEARCH_PATHS = "$(inherited) @executable_path/Frameworks";
				PRODUCT_BUNDLE_IDENTIFIER = com.FlinkleLabs.SimpleBarcodeScanner;
				PRODUCT_NAME = "$(TARGET_NAME)";
			};
			name = Release;
		};
		99F925981F3474E70052F871 /* Debug */ = {
			isa = XCBuildConfiguration;
			buildSettings = {
				BUNDLE_LOADER = "$(TEST_HOST)";
				INFOPLIST_FILE = SimpleBarcodeScannerTests/Info.plist;
				LD_RUNPATH_SEARCH_PATHS = "$(inherited) @executable_path/Frameworks @loader_path/Frameworks";
				PRODUCT_BUNDLE_IDENTIFIER = com.FlinkleLabs.SimpleBarcodeScannerTests;
				PRODUCT_NAME = "$(TARGET_NAME)";
				TEST_HOST = "$(BUILT_PRODUCTS_DIR)/SimpleBarcodeScanner.app/SimpleBarcodeScanner";
			};
			name = Debug;
		};
		99F925991F3474E70052F871 /* Release */ = {
			isa = XCBuildConfiguration;
			buildSettings = {
				BUNDLE_LOADER = "$(TEST_HOST)";
				INFOPLIST_FILE = SimpleBarcodeScannerTests/Info.plist;
				LD_RUNPATH_SEARCH_PATHS = "$(inherited) @executable_path/Frameworks @loader_path/Frameworks";
				PRODUCT_BUNDLE_IDENTIFIER = com.FlinkleLabs.SimpleBarcodeScannerTests;
				PRODUCT_NAME = "$(TARGET_NAME)";
				TEST_HOST = "$(BUILT_PRODUCTS_DIR)/SimpleBarcodeScanner.app/SimpleBarcodeScanner";
			};
			name = Release;
		};
		99F9259B1F3474E70052F871 /* Debug */ = {
			isa = XCBuildConfiguration;
			buildSettings = {
				INFOPLIST_FILE = SimpleBarcodeScannerUITests/Info.plist;
				LD_RUNPATH_SEARCH_PATHS = "$(inherited) @executable_path/Frameworks @loader_path/Frameworks";
				PRODUCT_BUNDLE_IDENTIFIER = com.FlinkleLabs.SimpleBarcodeScannerUITests;
				PRODUCT_NAME = "$(TARGET_NAME)";
				TEST_TARGET_NAME = SimpleBarcodeScanner;
			};
			name = Debug;
		};
		99F9259C1F3474E70052F871 /* Release */ = {
			isa = XCBuildConfiguration;
			buildSettings = {
				INFOPLIST_FILE = SimpleBarcodeScannerUITests/Info.plist;
				LD_RUNPATH_SEARCH_PATHS = "$(inherited) @executable_path/Frameworks @loader_path/Frameworks";
				PRODUCT_BUNDLE_IDENTIFIER = com.FlinkleLabs.SimpleBarcodeScannerUITests;
				PRODUCT_NAME = "$(TARGET_NAME)";
				TEST_TARGET_NAME = SimpleBarcodeScanner;
			};
			name = Release;
		};
/* End XCBuildConfiguration section */

/* Begin XCConfigurationList section */
		99F9255F1F3474E60052F871 /* Build configuration list for PBXProject "SimpleBarcodeScanner" */ = {
			isa = XCConfigurationList;
			buildConfigurations = (
				99F925921F3474E70052F871 /* Debug */,
				99F925931F3474E70052F871 /* Release */,
			);
			defaultConfigurationIsVisible = 0;
			defaultConfigurationName = Release;
		};
		99F925941F3474E70052F871 /* Build configuration list for PBXNativeTarget "SimpleBarcodeScanner" */ = {
			isa = XCConfigurationList;
			buildConfigurations = (
				99F925951F3474E70052F871 /* Debug */,
				99F925961F3474E70052F871 /* Release */,
			);
			defaultConfigurationIsVisible = 0;
			defaultConfigurationName = Release;
		};
		99F925971F3474E70052F871 /* Build configuration list for PBXNativeTarget "SimpleBarcodeScannerTests" */ = {
			isa = XCConfigurationList;
			buildConfigurations = (
				99F925981F3474E70052F871 /* Debug */,
				99F925991F3474E70052F871 /* Release */,
			);
			defaultConfigurationIsVisible = 0;
			defaultConfigurationName = Release;
		};
		99F9259A1F3474E70052F871 /* Build configuration list for PBXNativeTarget "SimpleBarcodeScannerUITests" */ = {
			isa = XCConfigurationList;
			buildConfigurations = (
				99F9259B1F3474E70052F871 /* Debug */,
				99F9259C1F3474E70052F871 /* Release */,
			);
			defaultConfigurationIsVisible = 0;
			defaultConfigurationName = Release;
		};
/* End XCConfigurationList section */

/* Begin XCVersionGroup section */
		99F925731F3474E60052F871 /* SimpleBarcodeScanner.xcdatamodeld */ = {
			isa = XCVersionGroup;
			children = (
				99F925741F3474E60052F871 /* SimpleBarcodeScanner.xcdatamodel */,
			);
			currentVersion = 99F925741F3474E60052F871 /* SimpleBarcodeScanner.xcdatamodel */;
			path = SimpleBarcodeScanner.xcdatamodeld;
			sourceTree = "<group>";
			versionGroupType = wrapper.xcdatamodel;
		};
/* End XCVersionGroup section */
	};
	rootObject = 99F9255C1F3474E60052F871 /* Project object */;
}
